
Microsoft Visual Studio Solution File, Format Version 12.00
# Visual Studio Version 16
VisualStudioVersion = 16.0.30711.63
MinimumVisualStudioVersion = 10.0.40219.1
Project("{FAE04EC0-301F-11D3-BF4B-00C04F79EFBC}") = "XF1004_2", "XF1004_2\XF1004_2\XF1004_2.csproj", "{206ADB28-232A-4E82-A7A8-6779748D5FFE}"
EndProject
Project("{FAE04EC0-301F-11D3-BF4B-00C04F79EFBC}") = "XF1004_2.Android", "XF1004_2\XF1004_2.Android\XF1004_2.Android.csproj", "{2E3BBFD1-E68C-4619-85D9-7162B0E06240}"
EndProject
Project("{FAE04EC0-301F-11D3-BF4B-00C04F79EFBC}") = "XF1004_2.iOS", "XF1004_2\XF1004_2.iOS\XF1004_2.iOS.csproj", "{9EE72941-46EC-48EC-A76F-00150B881CA2}"
EndProject
Global
	GlobalSection(SolutionConfigurationPlatforms) = preSolution
		Ad-Hoc|Any CPU = Ad-Hoc|Any CPU
		Ad-Hoc|iPhone = Ad-Hoc|iPhone
		Ad-Hoc|iPhoneSimulator = Ad-Hoc|iPhoneSimulator
		AppStore|Any CPU = AppStore|Any CPU
		AppStore|iPhone = AppStore|iPhone
		AppStore|iPhoneSimulator = AppStore|iPhoneSimulator
		Debug|Any CPU = Debug|Any CPU
		Debug|iPhone = Debug|iPhone
		Debug|iPhoneSimulator = Debug|iPhoneSimulator
		Release|Any CPU = Release|Any CPU
		Release|iPhone = Release|iPhone
		Release|iPhoneSimulator = Release|iPhoneSimulator
	EndGlobalSection
	GlobalSection(ProjectConfigurationPlatforms) = postSolution
		{206ADB28-232A-4E82-A7A8-6779748D5FFE}.Ad-Hoc|Any CPU.ActiveCfg = Debug|Any CPU
		{206ADB28-232A-4E82-A7A8-6779748D5FFE}.Ad-Hoc|Any CPU.Build.0 = Debug|Any CPU
		{206ADB28-232A-4E82-A7A8-6779748D5FFE}.Ad-Hoc|iPhone.ActiveCfg = Debug|Any CPU
		{206ADB28-232A-4E82-A7A8-6779748D5FFE}.Ad-Hoc|iPhone.Build.0 = Debug|Any CPU
		{206ADB28-232A-4E82-A7A8-6779748D5FFE}.Ad-Hoc|iPhoneSimulator.ActiveCfg = Debug|Any CPU
		{206ADB28-232A-4E82-A7A8-6779748D5FFE}.Ad-Hoc|iPhoneSimulator.Build.0 = Debug|Any CPU
		{206ADB28-232A-4E82-A7A8-6779748D5FFE}.AppStore|Any CPU.ActiveCfg = Debug|Any CPU
		{206ADB28-232A-4E82-A7A8-6779748D5FFE}.AppStore|Any CPU.Build.0 = Debug|Any CPU
		{206ADB28-232A-4E82-A7A8-6779748D5FFE}.AppStore|iPhone.ActiveCfg = Debug|Any CPU
		{206ADB28-232A-4E82-A7A8-6779748D5FFE}.AppStore|iPhone.Build.0 = Debug|Any CPU
		{206ADB28-232A-4E82-A7A8-6779748D5FFE}.AppStore|iPhoneSimulator.ActiveCfg = Debug|Any CPU
		{206ADB28-232A-4E82-A7A8-6779748D5FFE}.AppStore|iPhoneSimulator.Build.0 = Debug|Any CPU
		{206ADB28-232A-4E82-A7A8-6779748D5FFE}.Debug|Any CPU.ActiveCfg = Debug|Any CPU
		{206ADB28-232A-4E82-A7A8-6779748D5FFE}.Debug|Any CPU.Build.0 = Debug|Any CPU
		{206ADB28-232A-4E82-A7A8-6779748D5FFE}.Debug|iPhone.ActiveCfg = Debug|Any CPU
		{206ADB28-232A-4E82-A7A8-6779748D5FFE}.Debug|iPhone.Build.0 = Debug|Any CPU
		{206ADB28-232A-4E82-A7A8-6779748D5FFE}.Debug|iPhoneSimulator.ActiveCfg = Debug|Any CPU
		{206ADB28-232A-4E82-A7A8-6779748D5FFE}.Debug|iPhoneSimulator.Build.0 = Debug|Any CPU
		{206ADB28-232A-4E82-A7A8-6779748D5FFE}.Release|Any CPU.ActiveCfg = Release|Any CPU
		{206ADB28-232A-4E82-A7A8-6779748D5FFE}.Release|Any CPU.Build.0 = Release|Any CPU
		{206ADB28-232A-4E82-A7A8-6779748D5FFE}.Release|iPhone.ActiveCfg = Release|Any CPU
		{206ADB28-232A-4E82-A7A8-6779748D5FFE}.Release|iPhone.Build.0 = Release|Any CPU
		{206ADB28-232A-4E82-A7A8-6779748D5FFE}.Release|iPhoneSimulator.ActiveCfg = Release|Any CPU
		{206ADB28-232A-4E82-A7A8-6779748D5FFE}.Release|iPhoneSimulator.Build.0 = Release|Any CPU
		{2E3BBFD1-E68C-4619-85D9-7162B0E06240}.Ad-Hoc|Any CPU.ActiveCfg = Debug|Any CPU
		{2E3BBFD1-E68C-4619-85D9-7162B0E06240}.Ad-Hoc|Any CPU.Build.0 = Debug|Any CPU
		{2E3BBFD1-E68C-4619-85D9-7162B0E06240}.Ad-Hoc|Any CPU.Deploy.0 = Debug|Any CPU
		{2E3BBFD1-E68C-4619-85D9-7162B0E06240}.Ad-Hoc|iPhone.ActiveCfg = Debug|Any CPU
		{2E3BBFD1-E68C-4619-85D9-7162B0E06240}.Ad-Hoc|iPhone.Build.0 = Debug|Any CPU
		{2E3BBFD1-E68C-4619-85D9-7162B0E06240}.Ad-Hoc|iPhone.Deploy.0 = Debug|Any CPU
		{2E3BBFD1-E68C-4619-85D9-7162B0E06240}.Ad-Hoc|iPhoneSimulator.ActiveCfg = Debug|Any CPU
		{2E3BBFD1-E68C-4619-85D9-7162B0E06240}.Ad-Hoc|iPhoneSimulator.Build.0 = Debug|Any CPU
		{2E3BBFD1-E68C-4619-85D9-7162B0E06240}.Ad-Hoc|iPhoneSimulator.Deploy.0 = Debug|Any CPU
		{2E3BBFD1-E68C-4619-85D9-7162B0E06240}.AppStore|Any CPU.ActiveCfg = Debug|Any CPU
		{2E3BBFD1-E68C-4619-85D9-7162B0E06240}.AppStore|Any CPU.Build.0 = Debug|Any CPU
		{2E3BBFD1-E68C-4619-85D9-7162B0E06240}.AppStore|Any CPU.Deploy.0 = Debug|Any CPU
		{2E3BBFD1-E68C-4619-85D9-7162B0E06240}.AppStore|iPhone.ActiveCfg = Debug|Any CPU
		{2E3BBFD1-E68C-4619-85D9-7162B0E06240}.AppStore|iPhone.Build.0 = Debug|Any CPU
		{2E3BBFD1-E68C-4619-85D9-7162B0E06240}.AppStore|iPhone.Deploy.0 = Debug|Any CPU
		{2E3BBFD1-E68C-4619-85D9-7162B0E06240}.AppStore|iPhoneSimulator.ActiveCfg = Debug|Any CPU
		{2E3BBFD1-E68C-4619-85D9-7162B0E06240}.AppStore|iPhoneSimulator.Build.0 = Debug|Any CPU
		{2E3BBFD1-E68C-4619-85D9-7162B0E06240}.AppStore|iPhoneSimulator.Deploy.0 = Debug|Any CPU
		{2E3BBFD1-E68C-4619-85D9-7162B0E06240}.Debug|Any CPU.ActiveCfg = Debug|Any CPU
		{2E3BBFD1-E68C-4619-85D9-7162B0E06240}.Debug|Any CPU.Build.0 = Debug|Any CPU
		{2E3BBFD1-E68C-4619-85D9-7162B0E06240}.Debug|Any CPU.Deploy.0 = Debug|Any CPU
		{2E3BBFD1-E68C-4619-85D9-7162B0E06240}.Debug|iPhone.ActiveCfg = Debug|Any CPU
		{2E3BBFD1-E68C-4619-85D9-7162B0E06240}.Debug|iPhone.Build.0 = Debug|Any CPU
		{2E3BBFD1-E68C-4619-85D9-7162B0E06240}.Debug|iPhone.Deploy.0 = Debug|Any CPU
		{2E3BBFD1-E68C-4619-85D9-7162B0E06240}.Debug|iPhoneSimulator.ActiveCfg = Debug|Any CPU
		{2E3BBFD1-E68C-4619-85D9-7162B0E06240}.Debug|iPhoneSimulator.Build.0 = Debug|Any CPU
		{2E3BBFD1-E68C-4619-85D9-7162B0E06240}.Debug|iPhoneSimulator.Deploy.0 = Debug|Any CPU
		{2E3BBFD1-E68C-4619-85D9-7162B0E06240}.Release|Any CPU.ActiveCfg = Release|Any CPU
		{2E3BBFD1-E68C-4619-85D9-7162B0E06240}.Release|Any CPU.Build.0 = Release|Any CPU
		{2E3BBFD1-E68C-4619-85D9-7162B0E06240}.Release|Any CPU.Deploy.0 = Release|Any CPU
		{2E3BBFD1-E68C-4619-85D9-7162B0E06240}.Release|iPhone.ActiveCfg = Release|Any CPU
		{2E3BBFD1-E68C-4619-85D9-7162B0E06240}.Release|iPhone.Build.0 = Release|Any CPU
		{2E3BBFD1-E68C-4619-85D9-7162B0E06240}.Release|iPhone.Deploy.0 = Release|Any CPU
		{2E3BBFD1-E68C-4619-85D9-7162B0E06240}.Release|iPhoneSimulator.ActiveCfg = Release|Any CPU
		{2E3BBFD1-E68C-4619-85D9-7162B0E06240}.Release|iPhoneSimulator.Build.0 = Release|Any CPU
		{2E3BBFD1-E68C-4619-85D9-7162B0E06240}.Release|iPhoneSimulator.Deploy.0 = Release|Any CPU
		{9EE72941-46EC-48EC-A76F-00150B881CA2}.Ad-Hoc|Any CPU.ActiveCfg = Ad-Hoc|iPhoneSimulator
		{9EE72941-46EC-48EC-A76F-00150B881CA2}.Ad-Hoc|iPhone.ActiveCfg = Ad-Hoc|iPhone
		{9EE72941-46EC-48EC-A76F-00150B881CA2}.Ad-Hoc|iPhone.Build.0 = Ad-Hoc|iPhone
		{9EE72941-46EC-48EC-A76F-00150B881CA2}.Ad-Hoc|iPhoneSimulator.ActiveCfg = Ad-Hoc|iPhoneSimulator
		{9EE72941-46EC-48EC-A76F-00150B881CA2}.Ad-Hoc|iPhoneSimulator.Build.0 = Ad-Hoc|iPhoneSimulator
		{9EE72941-46EC-48EC-A76F-00150B881CA2}.AppStore|Any CPU.ActiveCfg = AppStore|iPhoneSimulator
		{9EE72941-46EC-48EC-A76F-00150B881CA2}.AppStore|iPhone.ActiveCfg = AppStore|iPhone
		{9EE72941-46EC-48EC-A76F-00150B881CA2}.AppStore|iPhone.Build.0 = AppStore|iPhone
		{9EE72941-46EC-48EC-A76F-00150B881CA2}.AppStore|iPhoneSimulator.ActiveCfg = AppStore|iPhoneSimulator
		{9EE72941-46EC-48EC-A76F-00150B881CA2}.AppStore|iPhoneSimulator.Build.0 = AppStore|iPhoneSimulator
		{9EE72941-46EC-48EC-A76F-00150B881CA2}.Debug|Any CPU.ActiveCfg = Debug|iPhoneSimulator
		{9EE72941-46EC-48EC-A76F-00150B881CA2}.Debug|iPhone.ActiveCfg = Debug|iPhone
		{9EE72941-46EC-48EC-A76F-00150B881CA2}.Debug|iPhone.Build.0 = Debug|iPhone
		{9EE72941-46EC-48EC-A76F-00150B881CA2}.Debug|iPhoneSimulator.ActiveCfg = Debug|iPhoneSimulator
		{9EE72941-46EC-48EC-A76F-00150B881CA2}.Debug|iPhoneSimulator.Build.0 = Debug|iPhoneSimulator
		{9EE72941-46EC-48EC-A76F-00150B881CA2}.Release|Any CPU.ActiveCfg = Release|iPhoneSimulator
		{9EE72941-46EC-48EC-A76F-00150B881CA2}.Release|iPhone.ActiveCfg = Release|iPhone
		{9EE72941-46EC-48EC-A76F-00150B881CA2}.Release|iPhone.Build.0 = Release|iPhone
		{9EE72941-46EC-48EC-A76F-00150B881CA2}.Release|iPhoneSimulator.ActiveCfg = Release|iPhoneSimulator
		{9EE72941-46EC-48EC-A76F-00150B881CA2}.Release|iPhoneSimulator.Build.0 = Release|iPhoneSimulator
	EndGlobalSection
	GlobalSection(SolutionProperties) = preSolution
		HideSolutionNode = FALSE
	EndGlobalSection
	GlobalSection(ExtensibilityGlobals) = postSolution
		SolutionGuid = {81B0AF8F-F816-4694-9892-32BFA472688B}
	EndGlobalSection
EndGlobal
